
Microsoft Visual Studio Solution File, Format Version 12.00
# Visual Studio Version 17
VisualStudioVersion = 17.12.35527.113
MinimumVisualStudioVersion = 10.0.40219.1
Project("{FAE04EC0-301F-11D3-BF4B-00C04F79EFBC}") = "SortScripts", "SortScripts\SortScripts.csproj", "{0557501A-B8BE-467C-9A7E-DE25FE653F07}"
EndProject
Project("{FAE04EC0-301F-11D3-BF4B-00C04F79EFBC}") = "SortScripts.Business", "SortScripts.Business\SortScripts.Business.csproj", "{8131279D-1ADB-4A15-B65F-F42F405C6708}"
EndProject
Project("{FAE04EC0-301F-11D3-BF4B-00C04F79EFBC}") = "ScriptsManagement.Contracts", "ScriptsManagement.Contracts\ScriptsManagement.Contracts.csproj", "{3EDBF6CF-C087-420C-A35A-B0005FD0765D}"
EndProject
Project("{FAE04EC0-301F-11D3-BF4B-00C04F79EFBC}") = "TestBusiness", "TestBusiness\TestBusiness.csproj", "{52A17EF7-94E2-4F33-A8C2-C67F47D519DC}"
EndProject
Project("{FAE04EC0-301F-11D3-BF4B-00C04F79EFBC}") = "ManageFiles", "ManageFiles\ManageFiles.csproj", "{8A830D33-C422-401B-BA79-9A7A0BEA78B2}"
EndProject
Global
	GlobalSection(SolutionConfigurationPlatforms) = preSolution
		Debug|Any CPU = Debug|Any CPU
		Release|Any CPU = Release|Any CPU
	EndGlobalSection
	GlobalSection(ProjectConfigurationPlatforms) = postSolution
		{0557501A-B8BE-467C-9A7E-DE25FE653F07}.Debug|Any CPU.ActiveCfg = Debug|Any CPU
		{0557501A-B8BE-467C-9A7E-DE25FE653F07}.Debug|Any CPU.Build.0 = Debug|Any CPU
		{0557501A-B8BE-467C-9A7E-DE25FE653F07}.Release|Any CPU.ActiveCfg = Release|Any CPU
		{0557501A-B8BE-467C-9A7E-DE25FE653F07}.Release|Any CPU.Build.0 = Release|Any CPU
		{8131279D-1ADB-4A15-B65F-F42F405C6708}.Debug|Any CPU.ActiveCfg = Debug|Any CPU
		{8131279D-1ADB-4A15-B65F-F42F405C6708}.Debug|Any CPU.Build.0 = Debug|Any CPU
		{8131279D-1ADB-4A15-B65F-F42F405C6708}.Release|Any CPU.ActiveCfg = Release|Any CPU
		{8131279D-1ADB-4A15-B65F-F42F405C6708}.Release|Any CPU.Build.0 = Release|Any CPU
		{3EDBF6CF-C087-420C-A35A-B0005FD0765D}.Debug|Any CPU.ActiveCfg = Debug|Any CPU
		{3EDBF6CF-C087-420C-A35A-B0005FD0765D}.Debug|Any CPU.Build.0 = Debug|Any CPU
		{3EDBF6CF-C087-420C-A35A-B0005FD0765D}.Release|Any CPU.ActiveCfg = Release|Any CPU
		{3EDBF6CF-C087-420C-A35A-B0005FD0765D}.Release|Any CPU.Build.0 = Release|Any CPU
		{52A17EF7-94E2-4F33-A8C2-C67F47D519DC}.Debug|Any CPU.ActiveCfg = Debug|Any CPU
		{52A17EF7-94E2-4F33-A8C2-C67F47D519DC}.Debug|Any CPU.Build.0 = Debug|Any CPU
		{52A17EF7-94E2-4F33-A8C2-C67F47D519DC}.Release|Any CPU.ActiveCfg = Release|Any CPU
		{52A17EF7-94E2-4F33-A8C2-C67F47D519DC}.Release|Any CPU.Build.0 = Release|Any CPU
		{8A830D33-C422-401B-BA79-9A7A0BEA78B2}.Debug|Any CPU.ActiveCfg = Debug|Any CPU
		{8A830D33-C422-401B-BA79-9A7A0BEA78B2}.Debug|Any CPU.Build.0 = Debug|Any CPU
		{8A830D33-C422-401B-BA79-9A7A0BEA78B2}.Release|Any CPU.ActiveCfg = Release|Any CPU
		{8A830D33-C422-401B-BA79-9A7A0BEA78B2}.Release|Any CPU.Build.0 = Release|Any CPU
	EndGlobalSection
	GlobalSection(SolutionProperties) = preSolution
		HideSolutionNode = FALSE
	EndGlobalSection
EndGlobal
